
Microsoft Visual Studio Solution File, Format Version 12.00
# Visual Studio Version 17
VisualStudioVersion = 17.6.33815.320
MinimumVisualStudioVersion = 10.0.40219.1
Project("{FAE04EC0-301F-11D3-BF4B-00C04F79EFBC}") = "parse", "parse\parse.csproj", "{956ADFA9-BA9B-44AC-BDC3-30FEDBE6019A}"
EndProject
Global
	GlobalSection(SolutionConfigurationPlatforms) = preSolution
		Debug|Any CPU = Debug|Any CPU
		Release|Any CPU = Release|Any CPU
	EndGlobalSection
	GlobalSection(ProjectConfigurationPlatforms) = postSolution
		{956ADFA9-BA9B-44AC-BDC3-30FEDBE6019A}.Debug|Any CPU.ActiveCfg = Debug|Any CPU
		{956ADFA9-BA9B-44AC-BDC3-30FEDBE6019A}.Debug|Any CPU.Build.0 = Debug|Any CPU
		{956ADFA9-BA9B-44AC-BDC3-30FEDBE6019A}.Release|Any CPU.ActiveCfg = Release|Any CPU
		{956ADFA9-BA9B-44AC-BDC3-30FEDBE6019A}.Release|Any CPU.Build.0 = Release|Any CPU
	EndGlobalSection
	GlobalSection(SolutionProperties) = preSolution
		HideSolutionNode = FALSE
	EndGlobalSection
	GlobalSection(ExtensibilityGlobals) = postSolution
		SolutionGuid = {E1420572-6A04-4E72-8E7F-012B95F2B449}
	EndGlobalSection
EndGlobal
