
Microsoft Visual Studio Solution File, Format Version 12.00
# Visual Studio Version 17
VisualStudioVersion = 17.6.33815.320
MinimumVisualStudioVersion = 10.0.40219.1
Project("{FAE04EC0-301F-11D3-BF4B-00C04F79EFBC}") = "MultipleObjects", "MultipleObjects\MultipleObjects.csproj", "{0E9687A3-0B6A-45C0-880A-7A48EDF425BF}"
EndProject
Global
	GlobalSection(SolutionConfigurationPlatforms) = preSolution
		Debug|Any CPU = Debug|Any CPU
		Release|Any CPU = Release|Any CPU
	EndGlobalSection
	GlobalSection(ProjectConfigurationPlatforms) = postSolution
		{0E9687A3-0B6A-45C0-880A-7A48EDF425BF}.Debug|Any CPU.ActiveCfg = Debug|Any CPU
		{0E9687A3-0B6A-45C0-880A-7A48EDF425BF}.Debug|Any CPU.Build.0 = Debug|Any CPU
		{0E9687A3-0B6A-45C0-880A-7A48EDF425BF}.Release|Any CPU.ActiveCfg = Release|Any CPU
		{0E9687A3-0B6A-45C0-880A-7A48EDF425BF}.Release|Any CPU.Build.0 = Release|Any CPU
	EndGlobalSection
	GlobalSection(SolutionProperties) = preSolution
		HideSolutionNode = FALSE
	EndGlobalSection
	GlobalSection(ExtensibilityGlobals) = postSolution
		SolutionGuid = {0726343F-980D-4289-9F46-428ECE7E237E}
	EndGlobalSection
EndGlobal
