
Microsoft Visual Studio Solution File, Format Version 12.00
# Visual Studio Version 17
VisualStudioVersion = 17.6.33815.320
MinimumVisualStudioVersion = 10.0.40219.1
Project("{FAE04EC0-301F-11D3-BF4B-00C04F79EFBC}") = "methods", "methods\methods.csproj", "{E37F7727-120A-4BF0-93D5-B71004F3E935}"
EndProject
Global
	GlobalSection(SolutionConfigurationPlatforms) = preSolution
		Debug|Any CPU = Debug|Any CPU
		Release|Any CPU = Release|Any CPU
	EndGlobalSection
	GlobalSection(ProjectConfigurationPlatforms) = postSolution
		{E37F7727-120A-4BF0-93D5-B71004F3E935}.Debug|Any CPU.ActiveCfg = Debug|Any CPU
		{E37F7727-120A-4BF0-93D5-B71004F3E935}.Debug|Any CPU.Build.0 = Debug|Any CPU
		{E37F7727-120A-4BF0-93D5-B71004F3E935}.Release|Any CPU.ActiveCfg = Release|Any CPU
		{E37F7727-120A-4BF0-93D5-B71004F3E935}.Release|Any CPU.Build.0 = Release|Any CPU
	EndGlobalSection
	GlobalSection(SolutionProperties) = preSolution
		HideSolutionNode = FALSE
	EndGlobalSection
	GlobalSection(ExtensibilityGlobals) = postSolution
		SolutionGuid = {90F5C65C-C5F9-428F-A3AB-2BA0BC9C564A}
	EndGlobalSection
EndGlobal
