
Microsoft Visual Studio Solution File, Format Version 12.00
# Visual Studio Version 17
VisualStudioVersion = 17.6.33815.320
MinimumVisualStudioVersion = 10.0.40219.1
Project("{FAE04EC0-301F-11D3-BF4B-00C04F79EFBC}") = "Constructor", "Constructor\Constructor.csproj", "{3E0E67F0-79CF-4A92-B070-A58C7F6346A8}"
EndProject
Global
	GlobalSection(SolutionConfigurationPlatforms) = preSolution
		Debug|Any CPU = Debug|Any CPU
		Release|Any CPU = Release|Any CPU
	EndGlobalSection
	GlobalSection(ProjectConfigurationPlatforms) = postSolution
		{3E0E67F0-79CF-4A92-B070-A58C7F6346A8}.Debug|Any CPU.ActiveCfg = Debug|Any CPU
		{3E0E67F0-79CF-4A92-B070-A58C7F6346A8}.Debug|Any CPU.Build.0 = Debug|Any CPU
		{3E0E67F0-79CF-4A92-B070-A58C7F6346A8}.Release|Any CPU.ActiveCfg = Release|Any CPU
		{3E0E67F0-79CF-4A92-B070-A58C7F6346A8}.Release|Any CPU.Build.0 = Release|Any CPU
	EndGlobalSection
	GlobalSection(SolutionProperties) = preSolution
		HideSolutionNode = FALSE
	EndGlobalSection
	GlobalSection(ExtensibilityGlobals) = postSolution
		SolutionGuid = {DC1D62DB-DF72-4B5B-AF7F-32514B4B1E05}
	EndGlobalSection
EndGlobal
