
Microsoft Visual Studio Solution File, Format Version 12.00
# Visual Studio Version 17
VisualStudioVersion = 17.6.33815.320
MinimumVisualStudioVersion = 10.0.40219.1
Project("{FAE04EC0-301F-11D3-BF4B-00C04F79EFBC}") = "Inheritance", "Inheritance\Inheritance.csproj", "{F27915DC-CD1D-43E1-9AE9-81BE3A73325D}"
EndProject
Global
	GlobalSection(SolutionConfigurationPlatforms) = preSolution
		Debug|Any CPU = Debug|Any CPU
		Release|Any CPU = Release|Any CPU
	EndGlobalSection
	GlobalSection(ProjectConfigurationPlatforms) = postSolution
		{F27915DC-CD1D-43E1-9AE9-81BE3A73325D}.Debug|Any CPU.ActiveCfg = Debug|Any CPU
		{F27915DC-CD1D-43E1-9AE9-81BE3A73325D}.Debug|Any CPU.Build.0 = Debug|Any CPU
		{F27915DC-CD1D-43E1-9AE9-81BE3A73325D}.Release|Any CPU.ActiveCfg = Release|Any CPU
		{F27915DC-CD1D-43E1-9AE9-81BE3A73325D}.Release|Any CPU.Build.0 = Release|Any CPU
	EndGlobalSection
	GlobalSection(SolutionProperties) = preSolution
		HideSolutionNode = FALSE
	EndGlobalSection
	GlobalSection(ExtensibilityGlobals) = postSolution
		SolutionGuid = {4813CE60-3E32-405E-BBC5-182418490FF1}
	EndGlobalSection
EndGlobal
