
Microsoft Visual Studio Solution File, Format Version 12.00
# Visual Studio Version 17
VisualStudioVersion = 17.8.34511.84
MinimumVisualStudioVersion = 10.0.40219.1
Project("{FAE04EC0-301F-11D3-BF4B-00C04F79EFBC}") = "ClassConstructorMethodExercise", "ClassConstructorMethodExercise.csproj", "{CFD18F79-F300-4818-B4CE-AB98D5A8738B}"
EndProject
Global
	GlobalSection(SolutionConfigurationPlatforms) = preSolution
		Debug|Any CPU = Debug|Any CPU
		Release|Any CPU = Release|Any CPU
	EndGlobalSection
	GlobalSection(ProjectConfigurationPlatforms) = postSolution
		{CFD18F79-F300-4818-B4CE-AB98D5A8738B}.Debug|Any CPU.ActiveCfg = Debug|Any CPU
		{CFD18F79-F300-4818-B4CE-AB98D5A8738B}.Debug|Any CPU.Build.0 = Debug|Any CPU
		{CFD18F79-F300-4818-B4CE-AB98D5A8738B}.Release|Any CPU.ActiveCfg = Release|Any CPU
		{CFD18F79-F300-4818-B4CE-AB98D5A8738B}.Release|Any CPU.Build.0 = Release|Any CPU
	EndGlobalSection
	GlobalSection(SolutionProperties) = preSolution
		HideSolutionNode = FALSE
	EndGlobalSection
	GlobalSection(ExtensibilityGlobals) = postSolution
		SolutionGuid = {B88B548E-3396-4BC9-850A-1148300298E6}
	EndGlobalSection
EndGlobal
