
Microsoft Visual Studio Solution File, Format Version 12.00
# Visual Studio Version 17
VisualStudioVersion = 17.6.33815.320
MinimumVisualStudioVersion = 10.0.40219.1
Project("{FAE04EC0-301F-11D3-BF4B-00C04F79EFBC}") = "Files", "Files\Files.csproj", "{7736FD9C-847A-443B-8B28-10CB15CEFDA3}"
EndProject
Global
	GlobalSection(SolutionConfigurationPlatforms) = preSolution
		Debug|Any CPU = Debug|Any CPU
		Release|Any CPU = Release|Any CPU
	EndGlobalSection
	GlobalSection(ProjectConfigurationPlatforms) = postSolution
		{7736FD9C-847A-443B-8B28-10CB15CEFDA3}.Debug|Any CPU.ActiveCfg = Debug|Any CPU
		{7736FD9C-847A-443B-8B28-10CB15CEFDA3}.Debug|Any CPU.Build.0 = Debug|Any CPU
		{7736FD9C-847A-443B-8B28-10CB15CEFDA3}.Release|Any CPU.ActiveCfg = Release|Any CPU
		{7736FD9C-847A-443B-8B28-10CB15CEFDA3}.Release|Any CPU.Build.0 = Release|Any CPU
	EndGlobalSection
	GlobalSection(SolutionProperties) = preSolution
		HideSolutionNode = FALSE
	EndGlobalSection
	GlobalSection(ExtensibilityGlobals) = postSolution
		SolutionGuid = {0A0D9EB5-A263-4FFE-8069-4E63507AB30F}
	EndGlobalSection
EndGlobal
