
Microsoft Visual Studio Solution File, Format Version 12.00
# Visual Studio Version 17
VisualStudioVersion = 17.6.33815.320
MinimumVisualStudioVersion = 10.0.40219.1
Project("{FAE04EC0-301F-11D3-BF4B-00C04F79EFBC}") = "ConstructorParameter", "ConstructorParameter\ConstructorParameter.csproj", "{FDC570F7-AA43-49FB-BD98-0731E9AD4327}"
EndProject
Global
	GlobalSection(SolutionConfigurationPlatforms) = preSolution
		Debug|Any CPU = Debug|Any CPU
		Release|Any CPU = Release|Any CPU
	EndGlobalSection
	GlobalSection(ProjectConfigurationPlatforms) = postSolution
		{FDC570F7-AA43-49FB-BD98-0731E9AD4327}.Debug|Any CPU.ActiveCfg = Debug|Any CPU
		{FDC570F7-AA43-49FB-BD98-0731E9AD4327}.Debug|Any CPU.Build.0 = Debug|Any CPU
		{FDC570F7-AA43-49FB-BD98-0731E9AD4327}.Release|Any CPU.ActiveCfg = Release|Any CPU
		{FDC570F7-AA43-49FB-BD98-0731E9AD4327}.Release|Any CPU.Build.0 = Release|Any CPU
	EndGlobalSection
	GlobalSection(SolutionProperties) = preSolution
		HideSolutionNode = FALSE
	EndGlobalSection
	GlobalSection(ExtensibilityGlobals) = postSolution
		SolutionGuid = {EF70D00D-1BA5-44D1-B36B-B0CCCC6CC6D6}
	EndGlobalSection
EndGlobal
